// !$*UTF8*$!
{
	archiveVersion = 1;
	classes = {
	};
	objectVersion = 46;
	objects = {

/* Begin PBXBuildFile section */
		AF003FC41DCF872D00013584 /* AppDelegate.swift in Sources */ = {isa = PBXBuildFile; fileRef = AF003FC31DCF872D00013584 /* AppDelegate.swift */; };
		AF003FC61DCF872D00013584 /* ViewController.swift in Sources */ = {isa = PBXBuildFile; fileRef = AF003FC51DCF872D00013584 /* ViewController.swift */; };
		AF003FC91DCF872D00013584 /* Main.storyboard in Resources */ = {isa = PBXBuildFile; fileRef = AF003FC71DCF872D00013584 /* Main.storyboard */; };
		AF003FCB1DCF872D00013584 /* Assets.xcassets in Resources */ = {isa = PBXBuildFile; fileRef = AF003FCA1DCF872D00013584 /* Assets.xcassets */; };
		AF003FCE1DCF872D00013584 /* LaunchScreen.storyboard in Resources */ = {isa = PBXBuildFile; fileRef = AF003FCC1DCF872D00013584 /* LaunchScreen.storyboard */; };
		AF003FD61DCF879800013584 /* Line.swift in Sources */ = {isa = PBXBuildFile; fileRef = AF003FD51DCF879800013584 /* Line.swift */; };
		AF003FD81DCF8B2C00013584 /* DrawView.swift in Sources */ = {isa = PBXBuildFile; fileRef = AF003FD71DCF8B2C00013584 /* DrawView.swift */; };
		AF5F053E1DD045CE007C77E1 /* Circle.swift in Sources */ = {isa = PBXBuildFile; fileRef = AF5F053D1DD045CE007C77E1 /* Circle.swift */; };
/* End PBXBuildFile section */

/* Begin PBXFileReference section */
		AF003FC01DCF872D00013584 /* TouchTracker.app */ = {isa = PBXFileReference; explicitFileType = wrapper.application; includeInIndex = 0; path = TouchTracker.app; sourceTree = BUILT_PRODUCTS_DIR; };
		AF003FC31DCF872D00013584 /* AppDelegate.swift */ = {isa = PBXFileReference; lastKnownFileType = sourcecode.swift; path = AppDelegate.swift; sourceTree = "<group>"; };
		AF003FC51DCF872D00013584 /* ViewController.swift */ = {isa = PBXFileReference; lastKnownFileType = sourcecode.swift; path = ViewController.swift; sourceTree = "<group>"; };
		AF003FC81DCF872D00013584 /* Base */ = {isa = PBXFileReference; lastKnownFileType = file.storyboard; name = Base; path = Base.lproj/Main.storyboard; sourceTree = "<group>"; };
		AF003FCA1DCF872D00013584 /* Assets.xcassets */ = {isa = PBXFileReference; lastKnownFileType = folder.assetcatalog; path = Assets.xcassets; sourceTree = "<group>"; };
		AF003FCD1DCF872D00013584 /* Base */ = {isa = PBXFileReference; lastKnownFileType = file.storyboard; name = Base; path = Base.lproj/LaunchScreen.storyboard; sourceTree = "<group>"; };
		AF003FCF1DCF872D00013584 /* Info.plist */ = {isa = PBXFileReference; lastKnownFileType = text.plist.xml; path = Info.plist; sourceTree = "<group>"; };
		AF003FD51DCF879800013584 /* Line.swift */ = {isa = PBXFileReference; fileEncoding = 4; lastKnownFileType = sourcecode.swift; path = Line.swift; sourceTree = "<group>"; };
		AF003FD71DCF8B2C00013584 /* DrawView.swift */ = {isa = PBXFileReference; fileEncoding = 4; lastKnownFileType = sourcecode.swift; path = DrawView.swift; sourceTree = "<group>"; };
		AF5F053D1DD045CE007C77E1 /* Circle.swift */ = {isa = PBXFileReference; fileEncoding = 4; lastKnownFileType = sourcecode.swift; path = Circle.swift; sourceTree = "<group>"; };
/* End PBXFileReference section */

/* Begin PBXFrameworksBuildPhase section */
		AF003FBD1DCF872D00013584 /* Frameworks */ = {
			isa = PBXFrameworksBuildPhase;
			buildActionMask = 2147483647;
			files = (
			);
			runOnlyForDeploymentPostprocessing = 0;
		};
/* End PBXFrameworksBuildPhase section */

/* Begin PBXGroup section */
		AF003FB71DCF872D00013584 = {
			isa = PBXGroup;
			children = (
				AF003FC21DCF872D00013584 /* TouchTracker */,
				AF003FC11DCF872D00013584 /* Products */,
			);
			sourceTree = "<group>";
		};
		AF003FC11DCF872D00013584 /* Products */ = {
			isa = PBXGroup;
			children = (
				AF003FC01DCF872D00013584 /* TouchTracker.app */,
			);
			name = Products;
			sourceTree = "<group>";
		};
		AF003FC21DCF872D00013584 /* TouchTracker */ = {
			isa = PBXGroup;
			children = (
				AF003FC31DCF872D00013584 /* AppDelegate.swift */,
				AF003FC51DCF872D00013584 /* ViewController.swift */,
				AF003FC71DCF872D00013584 /* Main.storyboard */,
				AF003FCA1DCF872D00013584 /* Assets.xcassets */,
				AF003FCC1DCF872D00013584 /* LaunchScreen.storyboard */,
				AF003FCF1DCF872D00013584 /* Info.plist */,
				AF003FD51DCF879800013584 /* Line.swift */,
				AF003FD71DCF8B2C00013584 /* DrawView.swift */,
				AF5F053D1DD045CE007C77E1 /* Circle.swift */,
			);
			path = TouchTracker;
			sourceTree = "<group>";
		};
/* End PBXGroup section */

/* Begin PBXNativeTarget section */
		AF003FBF1DCF872D00013584 /* TouchTracker */ = {
			isa = PBXNativeTarget;
			buildConfigurationList = AF003FD21DCF872D00013584 /* Build configuration list for PBXNativeTarget "TouchTracker" */;
			buildPhases = (
				AF003FBC1DCF872D00013584 /* Sources */,
				AF003FBD1DCF872D00013584 /* Frameworks */,
				AF003FBE1DCF872D00013584 /* Resources */,
			);
			buildRules = (
			);
			dependencies = (
			);
			name = TouchTracker;
			productName = TouchTracker;
			productReference = AF003FC01DCF872D00013584 /* TouchTracker.app */;
			productType = "com.apple.product-type.application";
		};
/* End PBXNativeTarget section */

/* Begin PBXProject section */
		AF003FB81DCF872D00013584 /* Project object */ = {
			isa = PBXProject;
			attributes = {
				LastSwiftUpdateCheck = 0800;
				LastUpgradeCheck = 0810;
				ORGANIZATIONNAME = "Big Nerd Ranch";
				TargetAttributes = {
					AF003FBF1DCF872D00013584 = {
						CreatedOnToolsVersion = 8.0;
						ProvisioningStyle = Automatic;
					};
				};
			};
			buildConfigurationList = AF003FBB1DCF872D00013584 /* Build configuration list for PBXProject "TouchTracker" */;
			compatibilityVersion = "Xcode 3.2";
			developmentRegion = English;
			hasScannedForEncodings = 0;
			knownRegions = (
				en,
				Base,
			);
			mainGroup = AF003FB71DCF872D00013584;
			productRefGroup = AF003FC11DCF872D00013584 /* Products */;
			projectDirPath = "";
			projectRoot = "";
			targets = (
				AF003FBF1DCF872D00013584 /* TouchTracker */,
			);
		};
/* End PBXProject section */

/* Begin PBXResourcesBuildPhase section */
		AF003FBE1DCF872D00013584 /* Resources */ = {
			isa = PBXResourcesBuildPhase;
			buildActionMask = 2147483647;
			files = (
				AF003FCE1DCF872D00013584 /* LaunchScreen.storyboard in Resources */,
				AF003FCB1DCF872D00013584 /* Assets.xcassets in Resources */,
				AF003FC91DCF872D00013584 /* Main.storyboard in Resources */,
			);
			runOnlyForDeploymentPostprocessing = 0;
		};
/* End PBXResourcesBuildPhase section */

/* Begin PBXSourcesBuildPhase section */
		AF003FBC1DCF872D00013584 /* Sources */ = {
			isa = PBXSourcesBuildPhase;
			buildActionMask = 2147483647;
			files = (
				AF5F053E1DD045CE007C77E1 /* Circle.swift in Sources */,
				AF003FD61DCF879800013584 /* Line.swift in Sources */,
				AF003FC61DCF872D00013584 /* ViewController.swift in Sources */,
				AF003FD81DCF8B2C00013584 /* DrawView.swift in Sources */,
				AF003FC41DCF872D00013584 /* AppDelegate.swift in Sources */,
			);
			runOnlyForDeploymentPostprocessing = 0;
		};
/* End PBXSourcesBuildPhase section */

/* Begin PBXVariantGroup section */
		AF003FC71DCF872D00013584 /* Main.storyboard */ = {
			isa = PBXVariantGroup;
			children = (
				AF003FC81DCF872D00013584 /* Base */,
			);
			name = Main.storyboard;
			sourceTree = "<group>";
		};
		AF003FCC1DCF872D00013584 /* LaunchScreen.storyboard */ = {
			isa = PBXVariantGroup;
			children = (
				AF003FCD1DCF872D00013584 /* Base */,
			);
			name = LaunchScreen.storyboard;
			sourceTree = "<group>";
		};
/* End PBXVariantGroup section */

/* Begin XCBuildConfiguration section */
		AF003FD01DCF872D00013584 /* Debug */ = {
			isa = XCBuildConfiguration;
			buildSettings = {
				ALWAYS_SEARCH_USER_PATHS = NO;
				CLANG_ANALYZER_NONNULL = YES;
				CLANG_CXX_LANGUAGE_STANDARD = "gnu++0x";
				CLANG_CXX_LIBRARY = "libc++";
				CLANG_ENABLE_MODULES = YES;
				CLANG_ENABLE_OBJC_ARC = YES;
				CLANG_WARN_BOOL_CONVERSION = YES;
				CLANG_WARN_CONSTANT_CONVERSION = YES;
				CLANG_WARN_DIRECT_OBJC_ISA_USAGE = YES_ERROR;
				CLANG_WARN_DOCUMENTATION_COMMENTS = YES;
				CLANG_WARN_EMPTY_BODY = YES;
				CLANG_WARN_ENUM_CONVERSION = YES;
				CLANG_WARN_INFINITE_RECURSION = YES;
				CLANG_WARN_INT_CONVERSION = YES;
				CLANG_WARN_OBJC_ROOT_CLASS = YES_ERROR;
				CLANG_WARN_SUSPICIOUS_MOVE = YES;
				CLANG_WARN_SUSPICIOUS_MOVES = YES;
				CLANG_WARN_UNREACHABLE_CODE = YES;
				CLANG_WARN__DUPLICATE_METHOD_MATCH = YES;
				"CODE_SIGN_IDENTITY[sdk=iphoneos*]" = "iPhone Developer";
				COPY_PHASE_STRIP = NO;
				DEBUG_INFORMATION_FORMAT = dwarf;
				ENABLE_STRICT_OBJC_MSGSEND = YES;
				ENABLE_TESTABILITY = YES;
				GCC_C_LANGUAGE_STANDARD = gnu99;
				GCC_DYNAMIC_NO_PIC = NO;
				GCC_NO_COMMON_BLOCKS = YES;
				GCC_OPTIMIZATION_LEVEL = 0;
				GCC_PREPROCESSOR_DEFINITIONS = (
					"DEBUG=1",
					"$(inherited)",
				);
				GCC_WARN_64_TO_32_BIT_CONVERSION = YES;
				GCC_WARN_ABOUT_RETURN_TYPE = YES_ERROR;
				GCC_WARN_UNDECLARED_SELECTOR = YES;
				GCC_WARN_UNINITIALIZED_AUTOS = YES_AGGRESSIVE;
				GCC_WARN_UNUSED_FUNCTION = YES;
				GCC_WARN_UNUSED_VARIABLE = YES;
				IPHONEOS_DEPLOYMENT_TARGET = 10.0;
				MTL_ENABLE_DEBUG_INFO = YES;
				ONLY_ACTIVE_ARCH = YES;
				SDKROOT = iphoneos;
				SWIFT_ACTIVE_COMPILATION_CONDITIONS = DEBUG;
				SWIFT_OPTIMIZATION_LEVEL = "-Onone";
				TARGETED_DEVICE_FAMILY = "1,2";
			};
			name = Debug;
		};
		AF003FD11DCF872D00013584 /* Release */ = {
			isa = XCBuildConfiguration;
			buildSettings = {
				ALWAYS_SEARCH_USER_PATHS = NO;
				CLANG_ANALYZER_NONNULL = YES;
				CLANG_CXX_LANGUAGE_STANDARD = "gnu++0x";
				CLANG_CXX_LIBRARY = "libc++";
				CLANG_ENABLE_MODULES = YES;
				CLANG_ENABLE_OBJC_ARC = YES;
				CLANG_WARN_BOOL_CONVERSION = YES;
				CLANG_WARN_CONSTANT_CONVERSION = YES;
				CLANG_WARN_DIRECT_OBJC_ISA_USAGE = YES_ERROR;
				CLANG_WARN_DOCUMENTATION_COMMENTS = YES;
				CLANG_WARN_EMPTY_BODY = YES;
				CLANG_WARN_ENUM_CONVERSION = YES;
				CLANG_WARN_INFINITE_RECURSION = YES;
				CLANG_WARN_INT_CONVERSION = YES;
				CLANG_WARN_OBJC_ROOT_CLASS = YES_ERROR;
				CLANG_WARN_SUSPICIOUS_MOVE = YES;
				CLANG_WARN_SUSPICIOUS_MOVES = YES;
				CLANG_WARN_UNREACHABLE_CODE = YES;
				CLANG_WARN__DUPLICATE_METHOD_MATCH = YES;
				"CODE_SIGN_IDENTITY[sdk=iphoneos*]" = "iPhone Developer";
				COPY_PHASE_STRIP = NO;
				DEBUG_INFORMATION_FORMAT = "dwarf-with-dsym";
				ENABLE_NS_ASSERTIONS = NO;
				ENABLE_STRICT_OBJC_MSGSEND = YES;
				GCC_C_LANGUAGE_STANDARD = gnu99;
				GCC_NO_COMMON_BLOCKS = YES;
				GCC_WARN_64_TO_32_BIT_CONVERSION = YES;
				GCC_WARN_ABOUT_RETURN_TYPE = YES_ERROR;
				GCC_WARN_UNDECLARED_SELECTOR = YES;
				GCC_WARN_UNINITIALIZED_AUTOS = YES_AGGRESSIVE;
				GCC_WARN_UNUSED_FUNCTION = YES;
				GCC_WARN_UNUSED_VARIABLE = YES;
				IPHONEOS_DEPLOYMENT_TARGET = 10.0;
				MTL_ENABLE_DEBUG_INFO = NO;
				SDKROOT = iphoneos;
				SWIFT_OPTIMIZATION_LEVEL = "-Owholemodule";
				TARGETED_DEVICE_FAMILY = "1,2";
				VALIDATE_PRODUCT = YES;
			};
			name = Release;
		};
		AF003FD31DCF872D00013584 /* Debug */ = {
			isa = XCBuildConfiguration;
			buildSettings = {
				ASSETCATALOG_COMPILER_APPICON_NAME = AppIcon;
				INFOPLIST_FILE = TouchTracker/Info.plist;
				LD_RUNPATH_SEARCH_PATHS = "$(inherited) @executable_path/Frameworks";
				PRODUCT_BUNDLE_IDENTIFIER = com.bignerdranch.TouchTracker;
				PRODUCT_NAME = "$(TARGET_NAME)";
				SWIFT_VERSION = 3.0;
			};
			name = Debug;
		};
		AF003FD41DCF872D00013584 /* Release */ = {
			isa = XCBuildConfiguration;
			buildSettings = {
				ASSETCATALOG_COMPILER_APPICON_NAME = AppIcon;
				INFOPLIST_FILE = TouchTracker/Info.plist;
				LD_RUNPATH_SEARCH_PATHS = "$(inherited) @executable_path/Frameworks";
				PRODUCT_BUNDLE_IDENTIFIER = com.bignerdranch.TouchTracker;
				PRODUCT_NAME = "$(TARGET_NAME)";
				SWIFT_VERSION = 3.0;
			};
			name = Release;
		};
/* End XCBuildConfiguration section */

/* Begin XCConfigurationList section */
		AF003FBB1DCF872D00013584 /* Build configuration list for PBXProject "TouchTracker" */ = {
			isa = XCConfigurationList;
			buildConfigurations = (
				AF003FD01DCF872D00013584 /* Debug */,
				AF003FD11DCF872D00013584 /* Release */,
			);
			defaultConfigurationIsVisible = 0;
			defaultConfigurationName = Release;
		};
		AF003FD21DCF872D00013584 /* Build configuration list for PBXNativeTarget "TouchTracker" */ = {
			isa = XCConfigurationList;
			buildConfigurations = (
				AF003FD31DCF872D00013584 /* Debug */,
				AF003FD41DCF872D00013584 /* Release */,
			);
			defaultConfigurationIsVisible = 0;
			defaultConfigurationName = Release;
		};
/* End XCConfigurationList section */
	};
	rootObject = AF003FB81DCF872D00013584 /* Project object */;
}
