// !$*UTF8*$!
{
	archiveVersion = 1;
	classes = {
	};
	objectVersion = 46;
	objects = {

/* Begin PBXBuildFile section */
		AF44D9B71DC664DC003F5CFA /* AppDelegate.swift in Sources */ = {isa = PBXBuildFile; fileRef = AF44D9B61DC664DC003F5CFA /* AppDelegate.swift */; };
		AF44D9BC1DC664DC003F5CFA /* Main.storyboard in Resources */ = {isa = PBXBuildFile; fileRef = AF44D9BA1DC664DC003F5CFA /* Main.storyboard */; };
		AF44D9BE1DC664DC003F5CFA /* Assets.xcassets in Resources */ = {isa = PBXBuildFile; fileRef = AF44D9BD1DC664DC003F5CFA /* Assets.xcassets */; };
		AF44D9C11DC664DC003F5CFA /* LaunchScreen.storyboard in Resources */ = {isa = PBXBuildFile; fileRef = AF44D9BF1DC664DC003F5CFA /* LaunchScreen.storyboard */; };
		AF44D9C91DC66786003F5CFA /* ItemsViewController.swift in Sources */ = {isa = PBXBuildFile; fileRef = AF44D9C81DC66786003F5CFA /* ItemsViewController.swift */; };
		AF44D9CB1DC66813003F5CFA /* Item.swift in Sources */ = {isa = PBXBuildFile; fileRef = AF44D9CA1DC66813003F5CFA /* Item.swift */; };
		AF44D9CD1DC6815B003F5CFA /* ItemStore.swift in Sources */ = {isa = PBXBuildFile; fileRef = AF44D9CC1DC6815B003F5CFA /* ItemStore.swift */; };
		AF57BAEE1DC9765400673491 /* ItemCell.swift in Sources */ = {isa = PBXBuildFile; fileRef = AF57BAED1DC9765400673491 /* ItemCell.swift */; };
		AF57BAF01DC9A89A00673491 /* DetailViewController.swift in Sources */ = {isa = PBXBuildFile; fileRef = AF57BAEF1DC9A89A00673491 /* DetailViewController.swift */; };
		AF5FDB8D1DCAB8F700C27200 /* DatePickerViewController.swift in Sources */ = {isa = PBXBuildFile; fileRef = AF5FDB8C1DCAB8F700C27200 /* DatePickerViewController.swift */; };
		AF809EC41DC9BD330054940C /* ItemTextField.swift in Sources */ = {isa = PBXBuildFile; fileRef = AF809EC31DC9BD330054940C /* ItemTextField.swift */; };
/* End PBXBuildFile section */

/* Begin PBXFileReference section */
		AF44D9B31DC664DC003F5CFA /* Homepwner.app */ = {isa = PBXFileReference; explicitFileType = wrapper.application; includeInIndex = 0; path = Homepwner.app; sourceTree = BUILT_PRODUCTS_DIR; };
		AF44D9B61DC664DC003F5CFA /* AppDelegate.swift */ = {isa = PBXFileReference; lastKnownFileType = sourcecode.swift; path = AppDelegate.swift; sourceTree = "<group>"; };
		AF44D9BB1DC664DC003F5CFA /* Base */ = {isa = PBXFileReference; lastKnownFileType = file.storyboard; name = Base; path = Base.lproj/Main.storyboard; sourceTree = "<group>"; };
		AF44D9BD1DC664DC003F5CFA /* Assets.xcassets */ = {isa = PBXFileReference; lastKnownFileType = folder.assetcatalog; path = Assets.xcassets; sourceTree = "<group>"; };
		AF44D9C01DC664DC003F5CFA /* Base */ = {isa = PBXFileReference; lastKnownFileType = file.storyboard; name = Base; path = Base.lproj/LaunchScreen.storyboard; sourceTree = "<group>"; };
		AF44D9C21DC664DC003F5CFA /* Info.plist */ = {isa = PBXFileReference; lastKnownFileType = text.plist.xml; path = Info.plist; sourceTree = "<group>"; };
		AF44D9C81DC66786003F5CFA /* ItemsViewController.swift */ = {isa = PBXFileReference; fileEncoding = 4; lastKnownFileType = sourcecode.swift; path = ItemsViewController.swift; sourceTree = "<group>"; };
		AF44D9CA1DC66813003F5CFA /* Item.swift */ = {isa = PBXFileReference; fileEncoding = 4; lastKnownFileType = sourcecode.swift; path = Item.swift; sourceTree = "<group>"; };
		AF44D9CC1DC6815B003F5CFA /* ItemStore.swift */ = {isa = PBXFileReference; fileEncoding = 4; lastKnownFileType = sourcecode.swift; path = ItemStore.swift; sourceTree = "<group>"; };
		AF57BAED1DC9765400673491 /* ItemCell.swift */ = {isa = PBXFileReference; fileEncoding = 4; lastKnownFileType = sourcecode.swift; path = ItemCell.swift; sourceTree = "<group>"; };
		AF57BAEF1DC9A89A00673491 /* DetailViewController.swift */ = {isa = PBXFileReference; fileEncoding = 4; lastKnownFileType = sourcecode.swift; path = DetailViewController.swift; sourceTree = "<group>"; };
		AF5FDB8C1DCAB8F700C27200 /* DatePickerViewController.swift */ = {isa = PBXFileReference; fileEncoding = 4; lastKnownFileType = sourcecode.swift; path = DatePickerViewController.swift; sourceTree = "<group>"; };
		AF809EC31DC9BD330054940C /* ItemTextField.swift */ = {isa = PBXFileReference; fileEncoding = 4; lastKnownFileType = sourcecode.swift; path = ItemTextField.swift; sourceTree = "<group>"; };
/* End PBXFileReference section */

/* Begin PBXFrameworksBuildPhase section */
		AF44D9B01DC664DC003F5CFA /* Frameworks */ = {
			isa = PBXFrameworksBuildPhase;
			buildActionMask = 2147483647;
			files = (
			);
			runOnlyForDeploymentPostprocessing = 0;
		};
/* End PBXFrameworksBuildPhase section */

/* Begin PBXGroup section */
		AF44D9AA1DC664DC003F5CFA = {
			isa = PBXGroup;
			children = (
				AF44D9B51DC664DC003F5CFA /* Homepwner */,
				AF44D9B41DC664DC003F5CFA /* Products */,
			);
			sourceTree = "<group>";
		};
		AF44D9B41DC664DC003F5CFA /* Products */ = {
			isa = PBXGroup;
			children = (
				AF44D9B31DC664DC003F5CFA /* Homepwner.app */,
			);
			name = Products;
			sourceTree = "<group>";
		};
		AF44D9B51DC664DC003F5CFA /* Homepwner */ = {
			isa = PBXGroup;
			children = (
				AF44D9C81DC66786003F5CFA /* ItemsViewController.swift */,
				AF57BAED1DC9765400673491 /* ItemCell.swift */,
				AF44D9CA1DC66813003F5CFA /* Item.swift */,
				AF44D9CC1DC6815B003F5CFA /* ItemStore.swift */,
				AF44D9B61DC664DC003F5CFA /* AppDelegate.swift */,
				AF809EC31DC9BD330054940C /* ItemTextField.swift */,
				AF44D9BA1DC664DC003F5CFA /* Main.storyboard */,
				AF5FDB8C1DCAB8F700C27200 /* DatePickerViewController.swift */,
				AF57BAEF1DC9A89A00673491 /* DetailViewController.swift */,
				AF44D9BD1DC664DC003F5CFA /* Assets.xcassets */,
				AF44D9BF1DC664DC003F5CFA /* LaunchScreen.storyboard */,
				AF44D9C21DC664DC003F5CFA /* Info.plist */,
			);
			path = Homepwner;
			sourceTree = "<group>";
		};
/* End PBXGroup section */

/* Begin PBXNativeTarget section */
		AF44D9B21DC664DC003F5CFA /* Homepwner */ = {
			isa = PBXNativeTarget;
			buildConfigurationList = AF44D9C51DC664DC003F5CFA /* Build configuration list for PBXNativeTarget "Homepwner" */;
			buildPhases = (
				AF44D9AF1DC664DC003F5CFA /* Sources */,
				AF44D9B01DC664DC003F5CFA /* Frameworks */,
				AF44D9B11DC664DC003F5CFA /* Resources */,
			);
			buildRules = (
			);
			dependencies = (
			);
			name = Homepwner;
			productName = Homepwner;
			productReference = AF44D9B31DC664DC003F5CFA /* Homepwner.app */;
			productType = "com.apple.product-type.application";
		};
/* End PBXNativeTarget section */

/* Begin PBXProject section */
		AF44D9AB1DC664DC003F5CFA /* Project object */ = {
			isa = PBXProject;
			attributes = {
				LastSwiftUpdateCheck = 0800;
				LastUpgradeCheck = 0800;
				ORGANIZATIONNAME = "Big Nerd Ranch";
				TargetAttributes = {
					AF44D9B21DC664DC003F5CFA = {
						CreatedOnToolsVersion = 8.0;
						ProvisioningStyle = Automatic;
					};
				};
			};
			buildConfigurationList = AF44D9AE1DC664DC003F5CFA /* Build configuration list for PBXProject "Homepwner" */;
			compatibilityVersion = "Xcode 3.2";
			developmentRegion = English;
			hasScannedForEncodings = 0;
			knownRegions = (
				en,
				Base,
			);
			mainGroup = AF44D9AA1DC664DC003F5CFA;
			productRefGroup = AF44D9B41DC664DC003F5CFA /* Products */;
			projectDirPath = "";
			projectRoot = "";
			targets = (
				AF44D9B21DC664DC003F5CFA /* Homepwner */,
			);
		};
/* End PBXProject section */

/* Begin PBXResourcesBuildPhase section */
		AF44D9B11DC664DC003F5CFA /* Resources */ = {
			isa = PBXResourcesBuildPhase;
			buildActionMask = 2147483647;
			files = (
				AF44D9C11DC664DC003F5CFA /* LaunchScreen.storyboard in Resources */,
				AF44D9BE1DC664DC003F5CFA /* Assets.xcassets in Resources */,
				AF44D9BC1DC664DC003F5CFA /* Main.storyboard in Resources */,
			);
			runOnlyForDeploymentPostprocessing = 0;
		};
/* End PBXResourcesBuildPhase section */

/* Begin PBXSourcesBuildPhase section */
		AF44D9AF1DC664DC003F5CFA /* Sources */ = {
			isa = PBXSourcesBuildPhase;
			buildActionMask = 2147483647;
			files = (
				AF44D9C91DC66786003F5CFA /* ItemsViewController.swift in Sources */,
				AF44D9CB1DC66813003F5CFA /* Item.swift in Sources */,
				AF809EC41DC9BD330054940C /* ItemTextField.swift in Sources */,
				AF44D9CD1DC6815B003F5CFA /* ItemStore.swift in Sources */,
				AF5FDB8D1DCAB8F700C27200 /* DatePickerViewController.swift in Sources */,
				AF57BAF01DC9A89A00673491 /* DetailViewController.swift in Sources */,
				AF44D9B71DC664DC003F5CFA /* AppDelegate.swift in Sources */,
				AF57BAEE1DC9765400673491 /* ItemCell.swift in Sources */,
			);
			runOnlyForDeploymentPostprocessing = 0;
		};
/* End PBXSourcesBuildPhase section */

/* Begin PBXVariantGroup section */
		AF44D9BA1DC664DC003F5CFA /* Main.storyboard */ = {
			isa = PBXVariantGroup;
			children = (
				AF44D9BB1DC664DC003F5CFA /* Base */,
			);
			name = Main.storyboard;
			sourceTree = "<group>";
		};
		AF44D9BF1DC664DC003F5CFA /* LaunchScreen.storyboard */ = {
			isa = PBXVariantGroup;
			children = (
				AF44D9C01DC664DC003F5CFA /* Base */,
			);
			name = LaunchScreen.storyboard;
			sourceTree = "<group>";
		};
/* End PBXVariantGroup section */

/* Begin XCBuildConfiguration section */
		AF44D9C31DC664DC003F5CFA /* Debug */ = {
			isa = XCBuildConfiguration;
			buildSettings = {
				ALWAYS_SEARCH_USER_PATHS = NO;
				CLANG_ANALYZER_NONNULL = YES;
				CLANG_CXX_LANGUAGE_STANDARD = "gnu++0x";
				CLANG_CXX_LIBRARY = "libc++";
				CLANG_ENABLE_MODULES = YES;
				CLANG_ENABLE_OBJC_ARC = YES;
				CLANG_WARN_BOOL_CONVERSION = YES;
				CLANG_WARN_CONSTANT_CONVERSION = YES;
				CLANG_WARN_DIRECT_OBJC_ISA_USAGE = YES_ERROR;
				CLANG_WARN_DOCUMENTATION_COMMENTS = YES;
				CLANG_WARN_EMPTY_BODY = YES;
				CLANG_WARN_ENUM_CONVERSION = YES;
				CLANG_WARN_INFINITE_RECURSION = YES;
				CLANG_WARN_INT_CONVERSION = YES;
				CLANG_WARN_OBJC_ROOT_CLASS = YES_ERROR;
				CLANG_WARN_SUSPICIOUS_MOVES = YES;
				CLANG_WARN_UNREACHABLE_CODE = YES;
				CLANG_WARN__DUPLICATE_METHOD_MATCH = YES;
				"CODE_SIGN_IDENTITY[sdk=iphoneos*]" = "iPhone Developer";
				COPY_PHASE_STRIP = NO;
				DEBUG_INFORMATION_FORMAT = dwarf;
				ENABLE_STRICT_OBJC_MSGSEND = YES;
				ENABLE_TESTABILITY = YES;
				GCC_C_LANGUAGE_STANDARD = gnu99;
				GCC_DYNAMIC_NO_PIC = NO;
				GCC_NO_COMMON_BLOCKS = YES;
				GCC_OPTIMIZATION_LEVEL = 0;
				GCC_PREPROCESSOR_DEFINITIONS = (
					"DEBUG=1",
					"$(inherited)",
				);
				GCC_WARN_64_TO_32_BIT_CONVERSION = YES;
				GCC_WARN_ABOUT_RETURN_TYPE = YES_ERROR;
				GCC_WARN_UNDECLARED_SELECTOR = YES;
				GCC_WARN_UNINITIALIZED_AUTOS = YES_AGGRESSIVE;
				GCC_WARN_UNUSED_FUNCTION = YES;
				GCC_WARN_UNUSED_VARIABLE = YES;
				IPHONEOS_DEPLOYMENT_TARGET = 10.0;
				MTL_ENABLE_DEBUG_INFO = YES;
				ONLY_ACTIVE_ARCH = YES;
				SDKROOT = iphoneos;
				SWIFT_ACTIVE_COMPILATION_CONDITIONS = DEBUG;
				SWIFT_OPTIMIZATION_LEVEL = "-Onone";
			};
			name = Debug;
		};
		AF44D9C41DC664DC003F5CFA /* Release */ = {
			isa = XCBuildConfiguration;
			buildSettings = {
				ALWAYS_SEARCH_USER_PATHS = NO;
				CLANG_ANALYZER_NONNULL = YES;
				CLANG_CXX_LANGUAGE_STANDARD = "gnu++0x";
				CLANG_CXX_LIBRARY = "libc++";
				CLANG_ENABLE_MODULES = YES;
				CLANG_ENABLE_OBJC_ARC = YES;
				CLANG_WARN_BOOL_CONVERSION = YES;
				CLANG_WARN_CONSTANT_CONVERSION = YES;
				CLANG_WARN_DIRECT_OBJC_ISA_USAGE = YES_ERROR;
				CLANG_WARN_DOCUMENTATION_COMMENTS = YES;
				CLANG_WARN_EMPTY_BODY = YES;
				CLANG_WARN_ENUM_CONVERSION = YES;
				CLANG_WARN_INFINITE_RECURSION = YES;
				CLANG_WARN_INT_CONVERSION = YES;
				CLANG_WARN_OBJC_ROOT_CLASS = YES_ERROR;
				CLANG_WARN_SUSPICIOUS_MOVES = YES;
				CLANG_WARN_UNREACHABLE_CODE = YES;
				CLANG_WARN__DUPLICATE_METHOD_MATCH = YES;
				"CODE_SIGN_IDENTITY[sdk=iphoneos*]" = "iPhone Developer";
				COPY_PHASE_STRIP = NO;
				DEBUG_INFORMATION_FORMAT = "dwarf-with-dsym";
				ENABLE_NS_ASSERTIONS = NO;
				ENABLE_STRICT_OBJC_MSGSEND = YES;
				GCC_C_LANGUAGE_STANDARD = gnu99;
				GCC_NO_COMMON_BLOCKS = YES;
				GCC_WARN_64_TO_32_BIT_CONVERSION = YES;
				GCC_WARN_ABOUT_RETURN_TYPE = YES_ERROR;
				GCC_WARN_UNDECLARED_SELECTOR = YES;
				GCC_WARN_UNINITIALIZED_AUTOS = YES_AGGRESSIVE;
				GCC_WARN_UNUSED_FUNCTION = YES;
				GCC_WARN_UNUSED_VARIABLE = YES;
				IPHONEOS_DEPLOYMENT_TARGET = 10.0;
				MTL_ENABLE_DEBUG_INFO = NO;
				SDKROOT = iphoneos;
				SWIFT_OPTIMIZATION_LEVEL = "-Owholemodule";
				VALIDATE_PRODUCT = YES;
			};
			name = Release;
		};
		AF44D9C61DC664DC003F5CFA /* Debug */ = {
			isa = XCBuildConfiguration;
			buildSettings = {
				ASSETCATALOG_COMPILER_APPICON_NAME = AppIcon;
				INFOPLIST_FILE = Homepwner/Info.plist;
				LD_RUNPATH_SEARCH_PATHS = "$(inherited) @executable_path/Frameworks";
				PRODUCT_BUNDLE_IDENTIFIER = com.bignerdranch.Homepwner;
				PRODUCT_NAME = "$(TARGET_NAME)";
				SWIFT_VERSION = 3.0;
			};
			name = Debug;
		};
		AF44D9C71DC664DC003F5CFA /* Release */ = {
			isa = XCBuildConfiguration;
			buildSettings = {
				ASSETCATALOG_COMPILER_APPICON_NAME = AppIcon;
				INFOPLIST_FILE = Homepwner/Info.plist;
				LD_RUNPATH_SEARCH_PATHS = "$(inherited) @executable_path/Frameworks";
				PRODUCT_BUNDLE_IDENTIFIER = com.bignerdranch.Homepwner;
				PRODUCT_NAME = "$(TARGET_NAME)";
				SWIFT_VERSION = 3.0;
			};
			name = Release;
		};
/* End XCBuildConfiguration section */

/* Begin XCConfigurationList section */
		AF44D9AE1DC664DC003F5CFA /* Build configuration list for PBXProject "Homepwner" */ = {
			isa = XCConfigurationList;
			buildConfigurations = (
				AF44D9C31DC664DC003F5CFA /* Debug */,
				AF44D9C41DC664DC003F5CFA /* Release */,
			);
			defaultConfigurationIsVisible = 0;
			defaultConfigurationName = Release;
		};
		AF44D9C51DC664DC003F5CFA /* Build configuration list for PBXNativeTarget "Homepwner" */ = {
			isa = XCConfigurationList;
			buildConfigurations = (
				AF44D9C61DC664DC003F5CFA /* Debug */,
				AF44D9C71DC664DC003F5CFA /* Release */,
			);
			defaultConfigurationIsVisible = 0;
			defaultConfigurationName = Release;
		};
/* End XCConfigurationList section */
	};
	rootObject = AF44D9AB1DC664DC003F5CFA /* Project object */;
}
