// !$*UTF8*$!
{
	archiveVersion = 1;
	classes = {
	};
	objectVersion = 46;
	objects = {

/* Begin PBXBuildFile section */
		AF0806C61DD4064600E3ACE0 /* AppDelegate.swift in Sources */ = {isa = PBXBuildFile; fileRef = AF0806C51DD4064600E3ACE0 /* AppDelegate.swift */; };
		AF0806CB1DD4064600E3ACE0 /* Main.storyboard in Resources */ = {isa = PBXBuildFile; fileRef = AF0806C91DD4064600E3ACE0 /* Main.storyboard */; };
		AF0806CD1DD4064600E3ACE0 /* Assets.xcassets in Resources */ = {isa = PBXBuildFile; fileRef = AF0806CC1DD4064600E3ACE0 /* Assets.xcassets */; };
		AF0806D01DD4064600E3ACE0 /* LaunchScreen.storyboard in Resources */ = {isa = PBXBuildFile; fileRef = AF0806CE1DD4064600E3ACE0 /* LaunchScreen.storyboard */; };
		AF0806D81DD40B0E00E3ACE0 /* PhotosViewController.swift in Sources */ = {isa = PBXBuildFile; fileRef = AF0806D71DD40B0E00E3ACE0 /* PhotosViewController.swift */; };
		AF0806DA1DD411B000E3ACE0 /* FlickrAPI.swift in Sources */ = {isa = PBXBuildFile; fileRef = AF0806D91DD411B000E3ACE0 /* FlickrAPI.swift */; };
		AF0806DC1DD417AE00E3ACE0 /* PhotoStore.swift in Sources */ = {isa = PBXBuildFile; fileRef = AF0806DB1DD417AE00E3ACE0 /* PhotoStore.swift */; };
		AF0806DE1DD41B0900E3ACE0 /* Photo.swift in Sources */ = {isa = PBXBuildFile; fileRef = AF0806DD1DD41B0900E3ACE0 /* Photo.swift */; };
/* End PBXBuildFile section */

/* Begin PBXFileReference section */
		AF0806C21DD4064600E3ACE0 /* Photorama.app */ = {isa = PBXFileReference; explicitFileType = wrapper.application; includeInIndex = 0; path = Photorama.app; sourceTree = BUILT_PRODUCTS_DIR; };
		AF0806C51DD4064600E3ACE0 /* AppDelegate.swift */ = {isa = PBXFileReference; lastKnownFileType = sourcecode.swift; path = AppDelegate.swift; sourceTree = "<group>"; };
		AF0806CA1DD4064600E3ACE0 /* Base */ = {isa = PBXFileReference; lastKnownFileType = file.storyboard; name = Base; path = Base.lproj/Main.storyboard; sourceTree = "<group>"; };
		AF0806CC1DD4064600E3ACE0 /* Assets.xcassets */ = {isa = PBXFileReference; lastKnownFileType = folder.assetcatalog; path = Assets.xcassets; sourceTree = "<group>"; };
		AF0806CF1DD4064600E3ACE0 /* Base */ = {isa = PBXFileReference; lastKnownFileType = file.storyboard; name = Base; path = Base.lproj/LaunchScreen.storyboard; sourceTree = "<group>"; };
		AF0806D11DD4064600E3ACE0 /* Info.plist */ = {isa = PBXFileReference; lastKnownFileType = text.plist.xml; path = Info.plist; sourceTree = "<group>"; };
		AF0806D71DD40B0E00E3ACE0 /* PhotosViewController.swift */ = {isa = PBXFileReference; fileEncoding = 4; lastKnownFileType = sourcecode.swift; path = PhotosViewController.swift; sourceTree = "<group>"; };
		AF0806D91DD411B000E3ACE0 /* FlickrAPI.swift */ = {isa = PBXFileReference; fileEncoding = 4; lastKnownFileType = sourcecode.swift; path = FlickrAPI.swift; sourceTree = "<group>"; };
		AF0806DB1DD417AE00E3ACE0 /* PhotoStore.swift */ = {isa = PBXFileReference; fileEncoding = 4; lastKnownFileType = sourcecode.swift; path = PhotoStore.swift; sourceTree = "<group>"; };
		AF0806DD1DD41B0900E3ACE0 /* Photo.swift */ = {isa = PBXFileReference; fileEncoding = 4; lastKnownFileType = sourcecode.swift; path = Photo.swift; sourceTree = "<group>"; };
/* End PBXFileReference section */

/* Begin PBXFrameworksBuildPhase section */
		AF0806BF1DD4064600E3ACE0 /* Frameworks */ = {
			isa = PBXFrameworksBuildPhase;
			buildActionMask = 2147483647;
			files = (
			);
			runOnlyForDeploymentPostprocessing = 0;
		};
/* End PBXFrameworksBuildPhase section */

/* Begin PBXGroup section */
		AF0806B91DD4064600E3ACE0 = {
			isa = PBXGroup;
			children = (
				AF0806C41DD4064600E3ACE0 /* Photorama */,
				AF0806C31DD4064600E3ACE0 /* Products */,
			);
			sourceTree = "<group>";
		};
		AF0806C31DD4064600E3ACE0 /* Products */ = {
			isa = PBXGroup;
			children = (
				AF0806C21DD4064600E3ACE0 /* Photorama.app */,
			);
			name = Products;
			sourceTree = "<group>";
		};
		AF0806C41DD4064600E3ACE0 /* Photorama */ = {
			isa = PBXGroup;
			children = (
				AF0806C51DD4064600E3ACE0 /* AppDelegate.swift */,
				AF0806C91DD4064600E3ACE0 /* Main.storyboard */,
				AF0806CC1DD4064600E3ACE0 /* Assets.xcassets */,
				AF0806CE1DD4064600E3ACE0 /* LaunchScreen.storyboard */,
				AF0806D11DD4064600E3ACE0 /* Info.plist */,
				AF0806D71DD40B0E00E3ACE0 /* PhotosViewController.swift */,
				AF0806D91DD411B000E3ACE0 /* FlickrAPI.swift */,
				AF0806DB1DD417AE00E3ACE0 /* PhotoStore.swift */,
				AF0806DD1DD41B0900E3ACE0 /* Photo.swift */,
			);
			path = Photorama;
			sourceTree = "<group>";
		};
/* End PBXGroup section */

/* Begin PBXNativeTarget section */
		AF0806C11DD4064600E3ACE0 /* Photorama */ = {
			isa = PBXNativeTarget;
			buildConfigurationList = AF0806D41DD4064600E3ACE0 /* Build configuration list for PBXNativeTarget "Photorama" */;
			buildPhases = (
				AF0806BE1DD4064600E3ACE0 /* Sources */,
				AF0806BF1DD4064600E3ACE0 /* Frameworks */,
				AF0806C01DD4064600E3ACE0 /* Resources */,
			);
			buildRules = (
			);
			dependencies = (
			);
			name = Photorama;
			productName = Photorama;
			productReference = AF0806C21DD4064600E3ACE0 /* Photorama.app */;
			productType = "com.apple.product-type.application";
		};
/* End PBXNativeTarget section */

/* Begin PBXProject section */
		AF0806BA1DD4064600E3ACE0 /* Project object */ = {
			isa = PBXProject;
			attributes = {
				LastSwiftUpdateCheck = 0810;
				LastUpgradeCheck = 0810;
				ORGANIZATIONNAME = "Big Nerd Ranch";
				TargetAttributes = {
					AF0806C11DD4064600E3ACE0 = {
						CreatedOnToolsVersion = 8.1;
						ProvisioningStyle = Automatic;
					};
				};
			};
			buildConfigurationList = AF0806BD1DD4064600E3ACE0 /* Build configuration list for PBXProject "Photorama" */;
			compatibilityVersion = "Xcode 3.2";
			developmentRegion = English;
			hasScannedForEncodings = 0;
			knownRegions = (
				en,
				Base,
			);
			mainGroup = AF0806B91DD4064600E3ACE0;
			productRefGroup = AF0806C31DD4064600E3ACE0 /* Products */;
			projectDirPath = "";
			projectRoot = "";
			targets = (
				AF0806C11DD4064600E3ACE0 /* Photorama */,
			);
		};
/* End PBXProject section */

/* Begin PBXResourcesBuildPhase section */
		AF0806C01DD4064600E3ACE0 /* Resources */ = {
			isa = PBXResourcesBuildPhase;
			buildActionMask = 2147483647;
			files = (
				AF0806D01DD4064600E3ACE0 /* LaunchScreen.storyboard in Resources */,
				AF0806CD1DD4064600E3ACE0 /* Assets.xcassets in Resources */,
				AF0806CB1DD4064600E3ACE0 /* Main.storyboard in Resources */,
			);
			runOnlyForDeploymentPostprocessing = 0;
		};
/* End PBXResourcesBuildPhase section */

/* Begin PBXSourcesBuildPhase section */
		AF0806BE1DD4064600E3ACE0 /* Sources */ = {
			isa = PBXSourcesBuildPhase;
			buildActionMask = 2147483647;
			files = (
				AF0806DA1DD411B000E3ACE0 /* FlickrAPI.swift in Sources */,
				AF0806D81DD40B0E00E3ACE0 /* PhotosViewController.swift in Sources */,
				AF0806DC1DD417AE00E3ACE0 /* PhotoStore.swift in Sources */,
				AF0806C61DD4064600E3ACE0 /* AppDelegate.swift in Sources */,
				AF0806DE1DD41B0900E3ACE0 /* Photo.swift in Sources */,
			);
			runOnlyForDeploymentPostprocessing = 0;
		};
/* End PBXSourcesBuildPhase section */

/* Begin PBXVariantGroup section */
		AF0806C91DD4064600E3ACE0 /* Main.storyboard */ = {
			isa = PBXVariantGroup;
			children = (
				AF0806CA1DD4064600E3ACE0 /* Base */,
			);
			name = Main.storyboard;
			sourceTree = "<group>";
		};
		AF0806CE1DD4064600E3ACE0 /* LaunchScreen.storyboard */ = {
			isa = PBXVariantGroup;
			children = (
				AF0806CF1DD4064600E3ACE0 /* Base */,
			);
			name = LaunchScreen.storyboard;
			sourceTree = "<group>";
		};
/* End PBXVariantGroup section */

/* Begin XCBuildConfiguration section */
		AF0806D21DD4064600E3ACE0 /* Debug */ = {
			isa = XCBuildConfiguration;
			buildSettings = {
				ALWAYS_SEARCH_USER_PATHS = NO;
				CLANG_ANALYZER_NONNULL = YES;
				CLANG_CXX_LANGUAGE_STANDARD = "gnu++0x";
				CLANG_CXX_LIBRARY = "libc++";
				CLANG_ENABLE_MODULES = YES;
				CLANG_ENABLE_OBJC_ARC = YES;
				CLANG_WARN_BOOL_CONVERSION = YES;
				CLANG_WARN_CONSTANT_CONVERSION = YES;
				CLANG_WARN_DIRECT_OBJC_ISA_USAGE = YES_ERROR;
				CLANG_WARN_DOCUMENTATION_COMMENTS = YES;
				CLANG_WARN_EMPTY_BODY = YES;
				CLANG_WARN_ENUM_CONVERSION = YES;
				CLANG_WARN_INFINITE_RECURSION = YES;
				CLANG_WARN_INT_CONVERSION = YES;
				CLANG_WARN_OBJC_ROOT_CLASS = YES_ERROR;
				CLANG_WARN_SUSPICIOUS_MOVES = YES;
				CLANG_WARN_UNREACHABLE_CODE = YES;
				CLANG_WARN__DUPLICATE_METHOD_MATCH = YES;
				"CODE_SIGN_IDENTITY[sdk=iphoneos*]" = "iPhone Developer";
				COPY_PHASE_STRIP = NO;
				DEBUG_INFORMATION_FORMAT = dwarf;
				ENABLE_STRICT_OBJC_MSGSEND = YES;
				ENABLE_TESTABILITY = YES;
				GCC_C_LANGUAGE_STANDARD = gnu99;
				GCC_DYNAMIC_NO_PIC = NO;
				GCC_NO_COMMON_BLOCKS = YES;
				GCC_OPTIMIZATION_LEVEL = 0;
				GCC_PREPROCESSOR_DEFINITIONS = (
					"DEBUG=1",
					"$(inherited)",
				);
				GCC_WARN_64_TO_32_BIT_CONVERSION = YES;
				GCC_WARN_ABOUT_RETURN_TYPE = YES_ERROR;
				GCC_WARN_UNDECLARED_SELECTOR = YES;
				GCC_WARN_UNINITIALIZED_AUTOS = YES_AGGRESSIVE;
				GCC_WARN_UNUSED_FUNCTION = YES;
				GCC_WARN_UNUSED_VARIABLE = YES;
				IPHONEOS_DEPLOYMENT_TARGET = 10.1;
				MTL_ENABLE_DEBUG_INFO = YES;
				ONLY_ACTIVE_ARCH = YES;
				SDKROOT = iphoneos;
				SWIFT_ACTIVE_COMPILATION_CONDITIONS = DEBUG;
				SWIFT_OPTIMIZATION_LEVEL = "-Onone";
				TARGETED_DEVICE_FAMILY = "1,2";
			};
			name = Debug;
		};
		AF0806D31DD4064600E3ACE0 /* Release */ = {
			isa = XCBuildConfiguration;
			buildSettings = {
				ALWAYS_SEARCH_USER_PATHS = NO;
				CLANG_ANALYZER_NONNULL = YES;
				CLANG_CXX_LANGUAGE_STANDARD = "gnu++0x";
				CLANG_CXX_LIBRARY = "libc++";
				CLANG_ENABLE_MODULES = YES;
				CLANG_ENABLE_OBJC_ARC = YES;
				CLANG_WARN_BOOL_CONVERSION = YES;
				CLANG_WARN_CONSTANT_CONVERSION = YES;
				CLANG_WARN_DIRECT_OBJC_ISA_USAGE = YES_ERROR;
				CLANG_WARN_DOCUMENTATION_COMMENTS = YES;
				CLANG_WARN_EMPTY_BODY = YES;
				CLANG_WARN_ENUM_CONVERSION = YES;
				CLANG_WARN_INFINITE_RECURSION = YES;
				CLANG_WARN_INT_CONVERSION = YES;
				CLANG_WARN_OBJC_ROOT_CLASS = YES_ERROR;
				CLANG_WARN_SUSPICIOUS_MOVES = YES;
				CLANG_WARN_UNREACHABLE_CODE = YES;
				CLANG_WARN__DUPLICATE_METHOD_MATCH = YES;
				"CODE_SIGN_IDENTITY[sdk=iphoneos*]" = "iPhone Developer";
				COPY_PHASE_STRIP = NO;
				DEBUG_INFORMATION_FORMAT = "dwarf-with-dsym";
				ENABLE_NS_ASSERTIONS = NO;
				ENABLE_STRICT_OBJC_MSGSEND = YES;
				GCC_C_LANGUAGE_STANDARD = gnu99;
				GCC_NO_COMMON_BLOCKS = YES;
				GCC_WARN_64_TO_32_BIT_CONVERSION = YES;
				GCC_WARN_ABOUT_RETURN_TYPE = YES_ERROR;
				GCC_WARN_UNDECLARED_SELECTOR = YES;
				GCC_WARN_UNINITIALIZED_AUTOS = YES_AGGRESSIVE;
				GCC_WARN_UNUSED_FUNCTION = YES;
				GCC_WARN_UNUSED_VARIABLE = YES;
				IPHONEOS_DEPLOYMENT_TARGET = 10.1;
				MTL_ENABLE_DEBUG_INFO = NO;
				SDKROOT = iphoneos;
				SWIFT_OPTIMIZATION_LEVEL = "-Owholemodule";
				TARGETED_DEVICE_FAMILY = "1,2";
				VALIDATE_PRODUCT = YES;
			};
			name = Release;
		};
		AF0806D51DD4064600E3ACE0 /* Debug */ = {
			isa = XCBuildConfiguration;
			buildSettings = {
				ASSETCATALOG_COMPILER_APPICON_NAME = AppIcon;
				INFOPLIST_FILE = Photorama/Info.plist;
				LD_RUNPATH_SEARCH_PATHS = "$(inherited) @executable_path/Frameworks";
				PRODUCT_BUNDLE_IDENTIFIER = com.bignerdranch.Photorama;
				PRODUCT_NAME = "$(TARGET_NAME)";
				SWIFT_VERSION = 3.0;
			};
			name = Debug;
		};
		AF0806D61DD4064600E3ACE0 /* Release */ = {
			isa = XCBuildConfiguration;
			buildSettings = {
				ASSETCATALOG_COMPILER_APPICON_NAME = AppIcon;
				INFOPLIST_FILE = Photorama/Info.plist;
				LD_RUNPATH_SEARCH_PATHS = "$(inherited) @executable_path/Frameworks";
				PRODUCT_BUNDLE_IDENTIFIER = com.bignerdranch.Photorama;
				PRODUCT_NAME = "$(TARGET_NAME)";
				SWIFT_VERSION = 3.0;
			};
			name = Release;
		};
/* End XCBuildConfiguration section */

/* Begin XCConfigurationList section */
		AF0806BD1DD4064600E3ACE0 /* Build configuration list for PBXProject "Photorama" */ = {
			isa = XCConfigurationList;
			buildConfigurations = (
				AF0806D21DD4064600E3ACE0 /* Debug */,
				AF0806D31DD4064600E3ACE0 /* Release */,
			);
			defaultConfigurationIsVisible = 0;
			defaultConfigurationName = Release;
		};
		AF0806D41DD4064600E3ACE0 /* Build configuration list for PBXNativeTarget "Photorama" */ = {
			isa = XCConfigurationList;
			buildConfigurations = (
				AF0806D51DD4064600E3ACE0 /* Debug */,
				AF0806D61DD4064600E3ACE0 /* Release */,
			);
			defaultConfigurationIsVisible = 0;
		};
/* End XCConfigurationList section */
	};
	rootObject = AF0806BA1DD4064600E3ACE0 /* Project object */;
}
